// !$*UTF8*$!
{
	archiveVersion = 1;
	classes = {
	};
	objectVersion = 55;
	objects = {

/* Begin PBXBuildFile section */
		DFC569BA2798BEC8005B3E9B /* AppDelegate.swift in Sources */ = {isa = PBXBuildFile; fileRef = DFC569B92798BEC8005B3E9B /* AppDelegate.swift */; };
		DFC569BC2798BEC8005B3E9B /* SceneDelegate.swift in Sources */ = {isa = PBXBuildFile; fileRef = DFC569BB2798BEC8005B3E9B /* SceneDelegate.swift */; };
		DFC569BE2798BEC8005B3E9B /* ViewController.swift in Sources */ = {isa = PBXBuildFile; fileRef = DFC569BD2798BEC8005B3E9B /* ViewController.swift */; };
		DFC569C12798BEC8005B3E9B /* Main.storyboard in Resources */ = {isa = PBXBuildFile; fileRef = DFC569BF2798BEC8005B3E9B /* Main.storyboard */; };
		DFC569C32798BEC8005B3E9B /* Assets.xcassets in Resources */ = {isa = PBXBuildFile; fileRef = DFC569C22798BEC8005B3E9B /* Assets.xcassets */; };
		DFC569C62798BEC8005B3E9B /* LaunchScreen.storyboard in Resources */ = {isa = PBXBuildFile; fileRef = DFC569C42798BEC8005B3E9B /* LaunchScreen.storyboard */; };
		DFC569D12798BEC9005B3E9B /* preworkTests.swift in Sources */ = {isa = PBXBuildFile; fileRef = DFC569D02798BEC9005B3E9B /* preworkTests.swift */; };
		DFC569DB2798BEC9005B3E9B /* preworkUITests.swift in Sources */ = {isa = PBXBuildFile; fileRef = DFC569DA2798BEC9005B3E9B /* preworkUITests.swift */; };
		DFC569DD2798BEC9005B3E9B /* preworkUITestsLaunchTests.swift in Sources */ = {isa = PBXBuildFile; fileRef = DFC569DC2798BEC9005B3E9B /* preworkUITestsLaunchTests.swift */; };
/* End PBXBuildFile section */

/* Begin PBXContainerItemProxy section */
		DFC569CD2798BEC9005B3E9B /* PBXContainerItemProxy */ = {
			isa = PBXContainerItemProxy;
			containerPortal = DFC569AE2798BEC8005B3E9B /* Project object */;
			proxyType = 1;
			remoteGlobalIDString = DFC569B52798BEC8005B3E9B;
			remoteInfo = prework;
		};
		DFC569D72798BEC9005B3E9B /* PBXContainerItemProxy */ = {
			isa = PBXContainerItemProxy;
			containerPortal = DFC569AE2798BEC8005B3E9B /* Project object */;
			proxyType = 1;
			remoteGlobalIDString = DFC569B52798BEC8005B3E9B;
			remoteInfo = prework;
		};
/* End PBXContainerItemProxy section */

/* Begin PBXFileReference section */
		DFC569B62798BEC8005B3E9B /* prework.app */ = {isa = PBXFileReference; explicitFileType = wrapper.application; includeInIndex = 0; path = prework.app; sourceTree = BUILT_PRODUCTS_DIR; };
		DFC569B92798BEC8005B3E9B /* AppDelegate.swift */ = {isa = PBXFileReference; lastKnownFileType = sourcecode.swift; path = AppDelegate.swift; sourceTree = "<group>"; };
		DFC569BB2798BEC8005B3E9B /* SceneDelegate.swift */ = {isa = PBXFileReference; lastKnownFileType = sourcecode.swift; path = SceneDelegate.swift; sourceTree = "<group>"; };
		DFC569BD2798BEC8005B3E9B /* ViewController.swift */ = {isa = PBXFileReference; lastKnownFileType = sourcecode.swift; path = ViewController.swift; sourceTree = "<group>"; };
		DFC569C02798BEC8005B3E9B /* Base */ = {isa = PBXFileReference; lastKnownFileType = file.storyboard; name = Base; path = Base.lproj/Main.storyboard; sourceTree = "<group>"; };
		DFC569C22798BEC8005B3E9B /* Assets.xcassets */ = {isa = PBXFileReference; lastKnownFileType = folder.assetcatalog; path = Assets.xcassets; sourceTree = "<group>"; };
		DFC569C52798BEC8005B3E9B /* Base */ = {isa = PBXFileReference; lastKnownFileType = file.storyboard; name = Base; path = Base.lproj/LaunchScreen.storyboard; sourceTree = "<group>"; };
		DFC569C72798BEC8005B3E9B /* Info.plist */ = {isa = PBXFileReference; lastKnownFileType = text.plist.xml; path = Info.plist; sourceTree = "<group>"; };
		DFC569CC2798BEC9005B3E9B /* preworkTests.xctest */ = {isa = PBXFileReference; explicitFileType = wrapper.cfbundle; includeInIndex = 0; path = preworkTests.xctest; sourceTree = BUILT_PRODUCTS_DIR; };
		DFC569D02798BEC9005B3E9B /* preworkTests.swift */ = {isa = PBXFileReference; lastKnownFileType = sourcecode.swift; path = preworkTests.swift; sourceTree = "<group>"; };
		DFC569D62798BEC9005B3E9B /* preworkUITests.xctest */ = {isa = PBXFileReference; explicitFileType = wrapper.cfbundle; includeInIndex = 0; path = preworkUITests.xctest; sourceTree = BUILT_PRODUCTS_DIR; };
		DFC569DA2798BEC9005B3E9B /* preworkUITests.swift */ = {isa = PBXFileReference; lastKnownFileType = sourcecode.swift; path = preworkUITests.swift; sourceTree = "<group>"; };
		DFC569DC2798BEC9005B3E9B /* preworkUITestsLaunchTests.swift */ = {isa = PBXFileReference; lastKnownFileType = sourcecode.swift; path = preworkUITestsLaunchTests.swift; sourceTree = "<group>"; };
/* End PBXFileReference section */

/* Begin PBXFrameworksBuildPhase section */
		DFC569B32798BEC8005B3E9B /* Frameworks */ = {
			isa = PBXFrameworksBuildPhase;
			buildActionMask = 2147483647;
			files = (
			);
			runOnlyForDeploymentPostprocessing = 0;
		};
		DFC569C92798BEC9005B3E9B /* Frameworks */ = {
			isa = PBXFrameworksBuildPhase;
			buildActionMask = 2147483647;
			files = (
			);
			runOnlyForDeploymentPostprocessing = 0;
		};
		DFC569D32798BEC9005B3E9B /* Frameworks */ = {
			isa = PBXFrameworksBuildPhase;
			buildActionMask = 2147483647;
			files = (
			);
			runOnlyForDeploymentPostprocessing = 0;
		};
/* End PBXFrameworksBuildPhase section */

/* Begin PBXGroup section */
		DFC569AD2798BEC8005B3E9B = {
			isa = PBXGroup;
			children = (
				DFC569B82798BEC8005B3E9B /* prework */,
				DFC569CF2798BEC9005B3E9B /* preworkTests */,
				DFC569D92798BEC9005B3E9B /* preworkUITests */,
				DFC569B72798BEC8005B3E9B /* Products */,
			);
			sourceTree = "<group>";
		};
		DFC569B72798BEC8005B3E9B /* Products */ = {
			isa = PBXGroup;
			children = (
				DFC569B62798BEC8005B3E9B /* prework.app */,
				DFC569CC2798BEC9005B3E9B /* preworkTests.xctest */,
				DFC569D62798BEC9005B3E9B /* preworkUITests.xctest */,
			);
			name = Products;
			sourceTree = "<group>";
		};
		DFC569B82798BEC8005B3E9B /* prework */ = {
			isa = PBXGroup;
			children = (
				DFC569B92798BEC8005B3E9B /* AppDelegate.swift */,
				DFC569BB2798BEC8005B3E9B /* SceneDelegate.swift */,
				DFC569BD2798BEC8005B3E9B /* ViewController.swift */,
				DFC569BF2798BEC8005B3E9B /* Main.storyboard */,
				DFC569C22798BEC8005B3E9B /* Assets.xcassets */,
				DFC569C42798BEC8005B3E9B /* LaunchScreen.storyboard */,
				DFC569C72798BEC8005B3E9B /* Info.plist */,
			);
			path = prework;
			sourceTree = "<group>";
		};
		DFC569CF2798BEC9005B3E9B /* preworkTests */ = {
			isa = PBXGroup;
			children = (
				DFC569D02798BEC9005B3E9B /* preworkTests.swift */,
			);
			path = preworkTests;
			sourceTree = "<group>";
		};
		DFC569D92798BEC9005B3E9B /* preworkUITests */ = {
			isa = PBXGroup;
			children = (
				DFC569DA2798BEC9005B3E9B /* preworkUITests.swift */,
				DFC569DC2798BEC9005B3E9B /* preworkUITestsLaunchTests.swift */,
			);
			path = preworkUITests;
			sourceTree = "<group>";
		};
/* End PBXGroup section */

/* Begin PBXNativeTarget section */
		DFC569B52798BEC8005B3E9B /* prework */ = {
			isa = PBXNativeTarget;
			buildConfigurationList = DFC569E02798BEC9005B3E9B /* Build configuration list for PBXNativeTarget "prework" */;
			buildPhases = (
				DFC569B22798BEC8005B3E9B /* Sources */,
				DFC569B32798BEC8005B3E9B /* Frameworks */,
				DFC569B42798BEC8005B3E9B /* Resources */,
			);
			buildRules = (
			);
			dependencies = (
			);
			name = prework;
			productName = prework;
			productReference = DFC569B62798BEC8005B3E9B /* prework.app */;
			productType = "com.apple.product-type.application";
		};
		DFC569CB2798BEC9005B3E9B /* preworkTests */ = {
			isa = PBXNativeTarget;
			buildConfigurationList = DFC569E32798BEC9005B3E9B /* Build configuration list for PBXNativeTarget "preworkTests" */;
			buildPhases = (
				DFC569C82798BEC9005B3E9B /* Sources */,
				DFC569C92798BEC9005B3E9B /* Frameworks */,
				DFC569CA2798BEC9005B3E9B /* Resources */,
			);
			buildRules = (
			);
			dependencies = (
				DFC569CE2798BEC9005B3E9B /* PBXTargetDependency */,
			);
			name = preworkTests;
			productName = preworkTests;
			productReference = DFC569CC2798BEC9005B3E9B /* preworkTests.xctest */;
			productType = "com.apple.product-type.bundle.unit-test";
		};
		DFC569D52798BEC9005B3E9B /* preworkUITests */ = {
			isa = PBXNativeTarget;
			buildConfigurationList = DFC569E62798BEC9005B3E9B /* Build configuration list for PBXNativeTarget "preworkUITests" */;
			buildPhases = (
				DFC569D22798BEC9005B3E9B /* Sources */,
				DFC569D32798BEC9005B3E9B /* Frameworks */,
				DFC569D42798BEC9005B3E9B /* Resources */,
			);
			buildRules = (
			);
			dependencies = (
				DFC569D82798BEC9005B3E9B /* PBXTargetDependency */,
			);
			name = preworkUITests;
			productName = preworkUITests;
			productReference = DFC569D62798BEC9005B3E9B /* preworkUITests.xctest */;
			productType = "com.apple.product-type.bundle.ui-testing";
		};
/* End PBXNativeTarget section */

/* Begin PBXProject section */
		DFC569AE2798BEC8005B3E9B /* Project object */ = {
			isa = PBXProject;
			attributes = {
				BuildIndependentTargetsInParallel = 1;
				LastSwiftUpdateCheck = 1320;
				LastUpgradeCheck = 1320;
				TargetAttributes = {
					DFC569B52798BEC8005B3E9B = {
						CreatedOnToolsVersion = 13.2.1;
					};
					DFC569CB2798BEC9005B3E9B = {
						CreatedOnToolsVersion = 13.2.1;
						TestTargetID = DFC569B52798BEC8005B3E9B;
					};
					DFC569D52798BEC9005B3E9B = {
						CreatedOnToolsVersion = 13.2.1;
						TestTargetID = DFC569B52798BEC8005B3E9B;
					};
				};
			};
			buildConfigurationList = DFC569B12798BEC8005B3E9B /* Build configuration list for PBXProject "prework" */;
			compatibilityVersion = "Xcode 13.0";
			developmentRegion = en;
			hasScannedForEncodings = 0;
			knownRegions = (
				en,
				Base,
			);
			mainGroup = DFC569AD2798BEC8005B3E9B;
			productRefGroup = DFC569B72798BEC8005B3E9B /* Products */;
			projectDirPath = "";
			projectRoot = "";
			targets = (
				DFC569B52798BEC8005B3E9B /* prework */,
				DFC569CB2798BEC9005B3E9B /* preworkTests */,
				DFC569D52798BEC9005B3E9B /* preworkUITests */,
			);
		};
/* End PBXProject section */

/* Begin PBXResourcesBuildPhase section */
		DFC569B42798BEC8005B3E9B /* Resources */ = {
			isa = PBXResourcesBuildPhase;
			buildActionMask = 2147483647;
			files = (
				DFC569C62798BEC8005B3E9B /* LaunchScreen.storyboard in Resources */,
				DFC569C32798BEC8005B3E9B /* Assets.xcassets in Resources */,
				DFC569C12798BEC8005B3E9B /* Main.storyboard in Resources */,
			);
			runOnlyForDeploymentPostprocessing = 0;
		};
		DFC569CA2798BEC9005B3E9B /* Resources */ = {
			isa = PBXResourcesBuildPhase;
			buildActionMask = 2147483647;
			files = (
			);
			runOnlyForDeploymentPostprocessing = 0;
		};
		DFC569D42798BEC9005B3E9B /* Resources */ = {
			isa = PBXResourcesBuildPhase;
			buildActionMask = 2147483647;
			files = (
			);
			runOnlyForDeploymentPostprocessing = 0;
		};
/* End PBXResourcesBuildPhase section */

/* Begin PBXSourcesBuildPhase section */
		DFC569B22798BEC8005B3E9B /* Sources */ = {
			isa = PBXSourcesBuildPhase;
			buildActionMask = 2147483647;
			files = (
				DFC569BE2798BEC8005B3E9B /* ViewController.swift in Sources */,
				DFC569BA2798BEC8005B3E9B /* AppDelegate.swift in Sources */,
				DFC569BC2798BEC8005B3E9B /* SceneDelegate.swift in Sources */,
			);
			runOnlyForDeploymentPostprocessing = 0;
		};
		DFC569C82798BEC9005B3E9B /* Sources */ = {
			isa = PBXSourcesBuildPhase;
			buildActionMask = 2147483647;
			files = (
				DFC569D12798BEC9005B3E9B /* preworkTests.swift in Sources */,
			);
			runOnlyForDeploymentPostprocessing = 0;
		};
		DFC569D22798BEC9005B3E9B /* Sources */ = {
			isa = PBXSourcesBuildPhase;
			buildActionMask = 2147483647;
			files = (
				DFC569DB2798BEC9005B3E9B /* preworkUITests.swift in Sources */,
				DFC569DD2798BEC9005B3E9B /* preworkUITestsLaunchTests.swift in Sources */,
			);
			runOnlyForDeploymentPostprocessing = 0;
		};
/* End PBXSourcesBuildPhase section */

/* Begin PBXTargetDependency section */
		DFC569CE2798BEC9005B3E9B /* PBXTargetDependency */ = {
			isa = PBXTargetDependency;
			target = DFC569B52798BEC8005B3E9B /* prework */;
			targetProxy = DFC569CD2798BEC9005B3E9B /* PBXContainerItemProxy */;
		};
		DFC569D82798BEC9005B3E9B /* PBXTargetDependency */ = {
			isa = PBXTargetDependency;
			target = DFC569B52798BEC8005B3E9B /* prework */;
			targetProxy = DFC569D72798BEC9005B3E9B /* PBXContainerItemProxy */;
		};
/* End PBXTargetDependency section */

/* Begin PBXVariantGroup section */
		DFC569BF2798BEC8005B3E9B /* Main.storyboard */ = {
			isa = PBXVariantGroup;
			children = (
				DFC569C02798BEC8005B3E9B /* Base */,
			);
			name = Main.storyboard;
			sourceTree = "<group>";
		};
		DFC569C42798BEC8005B3E9B /* LaunchScreen.storyboard */ = {
			isa = PBXVariantGroup;
			children = (
				DFC569C52798BEC8005B3E9B /* Base */,
			);
			name = LaunchScreen.storyboard;
			sourceTree = "<group>";
		};
/* End PBXVariantGroup section */

/* Begin XCBuildConfiguration section */
		DFC569DE2798BEC9005B3E9B /* Debug */ = {
			isa = XCBuildConfiguration;
			buildSettings = {
				ALWAYS_SEARCH_USER_PATHS = NO;
				CLANG_ANALYZER_NONNULL = YES;
				CLANG_ANALYZER_NUMBER_OBJECT_CONVERSION = YES_AGGRESSIVE;
				CLANG_CXX_LANGUAGE_STANDARD = "gnu++17";
				CLANG_CXX_LIBRARY = "libc++";
				CLANG_ENABLE_MODULES = YES;
				CLANG_ENABLE_OBJC_ARC = YES;
				CLANG_ENABLE_OBJC_WEAK = YES;
				CLANG_WARN_BLOCK_CAPTURE_AUTORELEASING = YES;
				CLANG_WARN_BOOL_CONVERSION = YES;
				CLANG_WARN_COMMA = YES;
				CLANG_WARN_CONSTANT_CONVERSION = YES;
				CLANG_WARN_DEPRECATED_OBJC_IMPLEMENTATIONS = YES;
				CLANG_WARN_DIRECT_OBJC_ISA_USAGE = YES_ERROR;
				CLANG_WARN_DOCUMENTATION_COMMENTS = YES;
				CLANG_WARN_EMPTY_BODY = YES;
				CLANG_WARN_ENUM_CONVERSION = YES;
				CLANG_WARN_INFINITE_RECURSION = YES;
				CLANG_WARN_INT_CONVERSION = YES;
				CLANG_WARN_NON_LITERAL_NULL_CONVERSION = YES;
				CLANG_WARN_OBJC_IMPLICIT_RETAIN_SELF = YES;
				CLANG_WARN_OBJC_LITERAL_CONVERSION = YES;
				CLANG_WARN_OBJC_ROOT_CLASS = YES_ERROR;
				CLANG_WARN_QUOTED_INCLUDE_IN_FRAMEWORK_HEADER = YES;
				CLANG_WARN_RANGE_LOOP_ANALYSIS = YES;
				CLANG_WARN_STRICT_PROTOTYPES = YES;
				CLANG_WARN_SUSPICIOUS_MOVE = YES;
				CLANG_WARN_UNGUARDED_AVAILABILITY = YES_AGGRESSIVE;
				CLANG_WARN_UNREACHABLE_CODE = YES;
				CLANG_WARN__DUPLICATE_METHOD_MATCH = YES;
				COPY_PHASE_STRIP = NO;
				DEBUG_INFORMATION_FORMAT = dwarf;
				ENABLE_STRICT_OBJC_MSGSEND = YES;
				ENABLE_TESTABILITY = YES;
				GCC_C_LANGUAGE_STANDARD = gnu11;
				GCC_DYNAMIC_NO_PIC = NO;
				GCC_NO_COMMON_BLOCKS = YES;
				GCC_OPTIMIZATION_LEVEL = 0;
				GCC_PREPROCESSOR_DEFINITIONS = (
					"DEBUG=1",
					"$(inherited)",
				);
				GCC_WARN_64_TO_32_BIT_CONVERSION = YES;
				GCC_WARN_ABOUT_RETURN_TYPE = YES_ERROR;
				GCC_WARN_UNDECLARED_SELECTOR = YES;
				GCC_WARN_UNINITIALIZED_AUTOS = YES_AGGRESSIVE;
				GCC_WARN_UNUSED_FUNCTION = YES;
				GCC_WARN_UNUSED_VARIABLE = YES;
				IPHONEOS_DEPLOYMENT_TARGET = 15.2;
				MTL_ENABLE_DEBUG_INFO = INCLUDE_SOURCE;
				MTL_FAST_MATH = YES;
				ONLY_ACTIVE_ARCH = YES;
				SDKROOT = iphoneos;
				SWIFT_ACTIVE_COMPILATION_CONDITIONS = DEBUG;
				SWIFT_OPTIMIZATION_LEVEL = "-Onone";
			};
			name = Debug;
		};
		DFC569DF2798BEC9005B3E9B /* Release */ = {
			isa = XCBuildConfiguration;
			buildSettings = {
				ALWAYS_SEARCH_USER_PATHS = NO;
				CLANG_ANALYZER_NONNULL = YES;
				CLANG_ANALYZER_NUMBER_OBJECT_CONVERSION = YES_AGGRESSIVE;
				CLANG_CXX_LANGUAGE_STANDARD = "gnu++17";
				CLANG_CXX_LIBRARY = "libc++";
				CLANG_ENABLE_MODULES = YES;
				CLANG_ENABLE_OBJC_ARC = YES;
				CLANG_ENABLE_OBJC_WEAK = YES;
				CLANG_WARN_BLOCK_CAPTURE_AUTORELEASING = YES;
				CLANG_WARN_BOOL_CONVERSION = YES;
				CLANG_WARN_COMMA = YES;
				CLANG_WARN_CONSTANT_CONVERSION = YES;
				CLANG_WARN_DEPRECATED_OBJC_IMPLEMENTATIONS = YES;
				CLANG_WARN_DIRECT_OBJC_ISA_USAGE = YES_ERROR;
				CLANG_WARN_DOCUMENTATION_COMMENTS = YES;
				CLANG_WARN_EMPTY_BODY = YES;
				CLANG_WARN_ENUM_CONVERSION = YES;
				CLANG_WARN_INFINITE_RECURSION = YES;
				CLANG_WARN_INT_CONVERSION = YES;
				CLANG_WARN_NON_LITERAL_NULL_CONVERSION = YES;
				CLANG_WARN_OBJC_IMPLICIT_RETAIN_SELF = YES;
				CLANG_WARN_OBJC_LITERAL_CONVERSION = YES;
				CLANG_WARN_OBJC_ROOT_CLASS = YES_ERROR;
				CLANG_WARN_QUOTED_INCLUDE_IN_FRAMEWORK_HEADER = YES;
				CLANG_WARN_RANGE_LOOP_ANALYSIS = YES;
				CLANG_WARN_STRICT_PROTOTYPES = YES;
				CLANG_WARN_SUSPICIOUS_MOVE = YES;
				CLANG_WARN_UNGUARDED_AVAILABILITY = YES_AGGRESSIVE;
				CLANG_WARN_UNREACHABLE_CODE = YES;
				CLANG_WARN__DUPLICATE_METHOD_MATCH = YES;
				COPY_PHASE_STRIP = NO;
				DEBUG_INFORMATION_FORMAT = "dwarf-with-dsym";
				ENABLE_NS_ASSERTIONS = NO;
				ENABLE_STRICT_OBJC_MSGSEND = YES;
				GCC_C_LANGUAGE_STANDARD = gnu11;
				GCC_NO_COMMON_BLOCKS = YES;
				GCC_WARN_64_TO_32_BIT_CONVERSION = YES;
				GCC_WARN_ABOUT_RETURN_TYPE = YES_ERROR;
				GCC_WARN_UNDECLARED_SELECTOR = YES;
				GCC_WARN_UNINITIALIZED_AUTOS = YES_AGGRESSIVE;
				GCC_WARN_UNUSED_FUNCTION = YES;
				GCC_WARN_UNUSED_VARIABLE = YES;
				IPHONEOS_DEPLOYMENT_TARGET = 15.2;
				MTL_ENABLE_DEBUG_INFO = NO;
				MTL_FAST_MATH = YES;
				SDKROOT = iphoneos;
				SWIFT_COMPILATION_MODE = wholemodule;
				SWIFT_OPTIMIZATION_LEVEL = "-O";
				VALIDATE_PRODUCT = YES;
			};
			name = Release;
		};
		DFC569E12798BEC9005B3E9B /* Debug */ = {
			isa = XCBuildConfiguration;
			buildSettings = {
				ASSETCATALOG_COMPILER_APPICON_NAME = AppIcon;
				ASSETCATALOG_COMPILER_GLOBAL_ACCENT_COLOR_NAME = AccentColor;
				CODE_SIGN_STYLE = Automatic;
				CURRENT_PROJECT_VERSION = 1;
				GENERATE_INFOPLIST_FILE = YES;
				INFOPLIST_FILE = prework/Info.plist;
				INFOPLIST_KEY_UIApplicationSupportsIndirectInputEvents = YES;
				INFOPLIST_KEY_UILaunchStoryboardName = LaunchScreen;
				INFOPLIST_KEY_UIMainStoryboardFile = Main;
				INFOPLIST_KEY_UISupportedInterfaceOrientations = "UIInterfaceOrientationLandscapeLeft UIInterfaceOrientationLandscapeRight UIInterfaceOrientationPortrait";
				INFOPLIST_KEY_UISupportedInterfaceOrientations_iPad = "UIInterfaceOrientationPortrait UIInterfaceOrientationPortraitUpsideDown UIInterfaceOrientationLandscapeLeft UIInterfaceOrientationLandscapeRight";
				INFOPLIST_KEY_UISupportedInterfaceOrientations_iPhone = "UIInterfaceOrientationPortrait UIInterfaceOrientationLandscapeLeft UIInterfaceOrientationLandscapeRight";
				LD_RUNPATH_SEARCH_PATHS = (
					"$(inherited)",
					"@executable_path/Frameworks",
				);
				MARKETING_VERSION = 1.0;
				PRODUCT_BUNDLE_IDENTIFIER = memo.com.prework;
				PRODUCT_NAME = "$(TARGET_NAME)";
				SWIFT_EMIT_LOC_STRINGS = YES;
				SWIFT_VERSION = 5.0;
				TARGETED_DEVICE_FAMILY = "1,2";
			};
			name = Debug;
		};
		DFC569E22798BEC9005B3E9B /* Release */ = {
			isa = XCBuildConfiguration;
			buildSettings = {
				ASSETCATALOG_COMPILER_APPICON_NAME = AppIcon;
				ASSETCATALOG_COMPILER_GLOBAL_ACCENT_COLOR_NAME = AccentColor;
				CODE_SIGN_STYLE = Automatic;
				CURRENT_PROJECT_VERSION = 1;
				GENERATE_INFOPLIST_FILE = YES;
				INFOPLIST_FILE = prework/Info.plist;
				INFOPLIST_KEY_UIApplicationSupportsIndirectInputEvents = YES;
				INFOPLIST_KEY_UILaunchStoryboardName = LaunchScreen;
				INFOPLIST_KEY_UIMainStoryboardFile = Main;
				INFOPLIST_KEY_UISupportedInterfaceOrientations = "UIInterfaceOrientationLandscapeLeft UIInterfaceOrientationLandscapeRight UIInterfaceOrientationPortrait";
				INFOPLIST_KEY_UISupportedInterfaceOrientations_iPad = "UIInterfaceOrientationPortrait UIInterfaceOrientationPortraitUpsideDown UIInterfaceOrientationLandscapeLeft UIInterfaceOrientationLandscapeRight";
				INFOPLIST_KEY_UISupportedInterfaceOrientations_iPhone = "UIInterfaceOrientationPortrait UIInterfaceOrientationLandscapeLeft UIInterfaceOrientationLandscapeRight";
				LD_RUNPATH_SEARCH_PATHS = (
					"$(inherited)",
					"@executable_path/Frameworks",
				);
				MARKETING_VERSION = 1.0;
				PRODUCT_BUNDLE_IDENTIFIER = memo.com.prework;
				PRODUCT_NAME = "$(TARGET_NAME)";
				SWIFT_EMIT_LOC_STRINGS = YES;
				SWIFT_VERSION = 5.0;
				TARGETED_DEVICE_FAMILY = "1,2";
			};
			name = Release;
		};
		DFC569E42798BEC9005B3E9B /* Debug */ = {
			isa = XCBuildConfiguration;
			buildSettings = {
				ALWAYS_EMBED_SWIFT_STANDARD_LIBRARIES = YES;
				BUNDLE_LOADER = "$(TEST_HOST)";
				CODE_SIGN_STYLE = Automatic;
				CURRENT_PROJECT_VERSION = 1;
				GENERATE_INFOPLIST_FILE = YES;
				IPHONEOS_DEPLOYMENT_TARGET = 15.2;
				MARKETING_VERSION = 1.0;
				PRODUCT_BUNDLE_IDENTIFIER = memo.com.preworkTests;
				PRODUCT_NAME = "$(TARGET_NAME)";
				SWIFT_EMIT_LOC_STRINGS = NO;
				SWIFT_VERSION = 5.0;
				TARGETED_DEVICE_FAMILY = "1,2";
				TEST_HOST = "$(BUILT_PRODUCTS_DIR)/prework.app/prework";
			};
			name = Debug;
		};
		DFC569E52798BEC9005B3E9B /* Release */ = {
			isa = XCBuildConfiguration;
			buildSettings = {
				ALWAYS_EMBED_SWIFT_STANDARD_LIBRARIES = YES;
				BUNDLE_LOADER = "$(TEST_HOST)";
				CODE_SIGN_STYLE = Automatic;
				CURRENT_PROJECT_VERSION = 1;
				GENERATE_INFOPLIST_FILE = YES;
				IPHONEOS_DEPLOYMENT_TARGET = 15.2;
				MARKETING_VERSION = 1.0;
				PRODUCT_BUNDLE_IDENTIFIER = memo.com.preworkTests;
				PRODUCT_NAME = "$(TARGET_NAME)";
				SWIFT_EMIT_LOC_STRINGS = NO;
				SWIFT_VERSION = 5.0;
				TARGETED_DEVICE_FAMILY = "1,2";
				TEST_HOST = "$(BUILT_PRODUCTS_DIR)/prework.app/prework";
			};
			name = Release;
		};
		DFC569E72798BEC9005B3E9B /* Debug */ = {
			isa = XCBuildConfiguration;
			buildSettings = {
				ALWAYS_EMBED_SWIFT_STANDARD_LIBRARIES = YES;
				CODE_SIGN_STYLE = Automatic;
				CURRENT_PROJECT_VERSION = 1;
				GENERATE_INFOPLIST_FILE = YES;
				MARKETING_VERSION = 1.0;
				PRODUCT_BUNDLE_IDENTIFIER = memo.com.preworkUITests;
				PRODUCT_NAME = "$(TARGET_NAME)";
				SWIFT_EMIT_LOC_STRINGS = NO;
				SWIFT_VERSION = 5.0;
				TARGETED_DEVICE_FAMILY = "1,2";
				TEST_TARGET_NAME = prework;
			};
			name = Debug;
		};
		DFC569E82798BEC9005B3E9B /* Release */ = {
			isa = XCBuildConfiguration;
			buildSettings = {
				ALWAYS_EMBED_SWIFT_STANDARD_LIBRARIES = YES;
				CODE_SIGN_STYLE = Automatic;
				CURRENT_PROJECT_VERSION = 1;
				GENERATE_INFOPLIST_FILE = YES;
				MARKETING_VERSION = 1.0;
				PRODUCT_BUNDLE_IDENTIFIER = memo.com.preworkUITests;
				PRODUCT_NAME = "$(TARGET_NAME)";
				SWIFT_EMIT_LOC_STRINGS = NO;
				SWIFT_VERSION = 5.0;
				TARGETED_DEVICE_FAMILY = "1,2";
				TEST_TARGET_NAME = prework;
			};
			name = Release;
		};
/* End XCBuildConfiguration section */

/* Begin XCConfigurationList section */
		DFC569B12798BEC8005B3E9B /* Build configuration list for PBXProject "prework" */ = {
			isa = XCConfigurationList;
			buildConfigurations = (
				DFC569DE2798BEC9005B3E9B /* Debug */,
				DFC569DF2798BEC9005B3E9B /* Release */,
			);
			defaultConfigurationIsVisible = 0;
			defaultConfigurationName = Release;
		};
		DFC569E02798BEC9005B3E9B /* Build configuration list for PBXNativeTarget "prework" */ = {
			isa = XCConfigurationList;
			buildConfigurations = (
				DFC569E12798BEC9005B3E9B /* Debug */,
				DFC569E22798BEC9005B3E9B /* Release */,
			);
			defaultConfigurationIsVisible = 0;
			defaultConfigurationName = Release;
		};
		DFC569E32798BEC9005B3E9B /* Build configuration list for PBXNativeTarget "preworkTests" */ = {
			isa = XCConfigurationList;
			buildConfigurations = (
				DFC569E42798BEC9005B3E9B /* Debug */,
				DFC569E52798BEC9005B3E9B /* Release */,
			);
			defaultConfigurationIsVisible = 0;
			defaultConfigurationName = Release;
		};
		DFC569E62798BEC9005B3E9B /* Build configuration list for PBXNativeTarget "preworkUITests" */ = {
			isa = XCConfigurationList;
			buildConfigurations = (
				DFC569E72798BEC9005B3E9B /* Debug */,
				DFC569E82798BEC9005B3E9B /* Release */,
			);
			defaultConfigurationIsVisible = 0;
			defaultConfigurationName = Release;
		};
/* End XCConfigurationList section */
	};
	rootObject = DFC569AE2798BEC8005B3E9B /* Project object */;
}
